
Microsoft Visual Studio Solution File, Format Version 12.00
# Visual Studio 15
VisualStudioVersion = 15.0.26124.0
MinimumVisualStudioVersion = 15.0.26124.0
Project("{FAE04EC0-301F-11D3-BF4B-00C04F79EFBC}") = "SingletonPattern", "SingletonPattern\SingletonPattern.csproj", "{B0FAE1E4-F73E-40B5-814C-27006BFC4FA2}"
EndProject
Project("{2150E333-8FDC-42A3-9474-1A3956D46DE8}") = "FactoryPattern", "FactoryPattern", "{C5A24397-2A08-473F-83E6-9C4C1F56CC8E}"
EndProject
Project("{FAE04EC0-301F-11D3-BF4B-00C04F79EFBC}") = "AnimalFactory", "FactoryPattern\AnimalFactory\AnimalFactory.csproj", "{E6648C39-D0F4-4CE2-B736-29440E68519C}"
EndProject
Project("{2150E333-8FDC-42A3-9474-1A3956D46DE8}") = "StatePattern", "StatePattern", "{40F05B75-37B3-441E-A5CD-667C4249BA0D}"
EndProject
Project("{FAE04EC0-301F-11D3-BF4B-00C04F79EFBC}") = "SimpleShooterVendingMachine", "StatePattern\SimpleShooterVendingMachine\SimpleShooterVendingMachine.csproj", "{8A034723-2DCE-413D-9944-4ADAFF60D579}"
EndProject
Project("{FAE04EC0-301F-11D3-BF4B-00C04F79EFBC}") = "Driver", "Driver\Driver.csproj", "{0EE07371-1AD0-4589-B650-A887F9BC2C12}"
EndProject
Global
	GlobalSection(SolutionConfigurationPlatforms) = preSolution
		Debug|Any CPU = Debug|Any CPU
		Debug|x64 = Debug|x64
		Debug|x86 = Debug|x86
		Release|Any CPU = Release|Any CPU
		Release|x64 = Release|x64
		Release|x86 = Release|x86
	EndGlobalSection
	GlobalSection(SolutionProperties) = preSolution
		HideSolutionNode = FALSE
	EndGlobalSection
	GlobalSection(ProjectConfigurationPlatforms) = postSolution
		{B0FAE1E4-F73E-40B5-814C-27006BFC4FA2}.Debug|Any CPU.ActiveCfg = Debug|Any CPU
		{B0FAE1E4-F73E-40B5-814C-27006BFC4FA2}.Debug|Any CPU.Build.0 = Debug|Any CPU
		{B0FAE1E4-F73E-40B5-814C-27006BFC4FA2}.Debug|x64.ActiveCfg = Debug|Any CPU
		{B0FAE1E4-F73E-40B5-814C-27006BFC4FA2}.Debug|x64.Build.0 = Debug|Any CPU
		{B0FAE1E4-F73E-40B5-814C-27006BFC4FA2}.Debug|x86.ActiveCfg = Debug|Any CPU
		{B0FAE1E4-F73E-40B5-814C-27006BFC4FA2}.Debug|x86.Build.0 = Debug|Any CPU
		{B0FAE1E4-F73E-40B5-814C-27006BFC4FA2}.Release|Any CPU.ActiveCfg = Release|Any CPU
		{B0FAE1E4-F73E-40B5-814C-27006BFC4FA2}.Release|Any CPU.Build.0 = Release|Any CPU
		{B0FAE1E4-F73E-40B5-814C-27006BFC4FA2}.Release|x64.ActiveCfg = Release|Any CPU
		{B0FAE1E4-F73E-40B5-814C-27006BFC4FA2}.Release|x64.Build.0 = Release|Any CPU
		{B0FAE1E4-F73E-40B5-814C-27006BFC4FA2}.Release|x86.ActiveCfg = Release|Any CPU
		{B0FAE1E4-F73E-40B5-814C-27006BFC4FA2}.Release|x86.Build.0 = Release|Any CPU
		{C95D3F4A-3B94-4BA9-B040-81714788DD85}.Debug|Any CPU.ActiveCfg = Debug|Any CPU
		{C95D3F4A-3B94-4BA9-B040-81714788DD85}.Debug|Any CPU.Build.0 = Debug|Any CPU
		{C95D3F4A-3B94-4BA9-B040-81714788DD85}.Debug|x64.ActiveCfg = Debug|Any CPU
		{C95D3F4A-3B94-4BA9-B040-81714788DD85}.Debug|x64.Build.0 = Debug|Any CPU
		{C95D3F4A-3B94-4BA9-B040-81714788DD85}.Debug|x86.ActiveCfg = Debug|Any CPU
		{C95D3F4A-3B94-4BA9-B040-81714788DD85}.Debug|x86.Build.0 = Debug|Any CPU
		{C95D3F4A-3B94-4BA9-B040-81714788DD85}.Release|Any CPU.ActiveCfg = Release|Any CPU
		{C95D3F4A-3B94-4BA9-B040-81714788DD85}.Release|Any CPU.Build.0 = Release|Any CPU
		{C95D3F4A-3B94-4BA9-B040-81714788DD85}.Release|x64.ActiveCfg = Release|Any CPU
		{C95D3F4A-3B94-4BA9-B040-81714788DD85}.Release|x64.Build.0 = Release|Any CPU
		{C95D3F4A-3B94-4BA9-B040-81714788DD85}.Release|x86.ActiveCfg = Release|Any CPU
		{C95D3F4A-3B94-4BA9-B040-81714788DD85}.Release|x86.Build.0 = Release|Any CPU
		{E6648C39-D0F4-4CE2-B736-29440E68519C}.Debug|Any CPU.ActiveCfg = Debug|Any CPU
		{E6648C39-D0F4-4CE2-B736-29440E68519C}.Debug|Any CPU.Build.0 = Debug|Any CPU
		{E6648C39-D0F4-4CE2-B736-29440E68519C}.Debug|x64.ActiveCfg = Debug|Any CPU
		{E6648C39-D0F4-4CE2-B736-29440E68519C}.Debug|x64.Build.0 = Debug|Any CPU
		{E6648C39-D0F4-4CE2-B736-29440E68519C}.Debug|x86.ActiveCfg = Debug|Any CPU
		{E6648C39-D0F4-4CE2-B736-29440E68519C}.Debug|x86.Build.0 = Debug|Any CPU
		{E6648C39-D0F4-4CE2-B736-29440E68519C}.Release|Any CPU.ActiveCfg = Release|Any CPU
		{E6648C39-D0F4-4CE2-B736-29440E68519C}.Release|Any CPU.Build.0 = Release|Any CPU
		{E6648C39-D0F4-4CE2-B736-29440E68519C}.Release|x64.ActiveCfg = Release|Any CPU
		{E6648C39-D0F4-4CE2-B736-29440E68519C}.Release|x64.Build.0 = Release|Any CPU
		{E6648C39-D0F4-4CE2-B736-29440E68519C}.Release|x86.ActiveCfg = Release|Any CPU
		{E6648C39-D0F4-4CE2-B736-29440E68519C}.Release|x86.Build.0 = Release|Any CPU
		{8A034723-2DCE-413D-9944-4ADAFF60D579}.Debug|Any CPU.ActiveCfg = Debug|Any CPU
		{8A034723-2DCE-413D-9944-4ADAFF60D579}.Debug|Any CPU.Build.0 = Debug|Any CPU
		{8A034723-2DCE-413D-9944-4ADAFF60D579}.Debug|x64.ActiveCfg = Debug|Any CPU
		{8A034723-2DCE-413D-9944-4ADAFF60D579}.Debug|x64.Build.0 = Debug|Any CPU
		{8A034723-2DCE-413D-9944-4ADAFF60D579}.Debug|x86.ActiveCfg = Debug|Any CPU
		{8A034723-2DCE-413D-9944-4ADAFF60D579}.Debug|x86.Build.0 = Debug|Any CPU
		{8A034723-2DCE-413D-9944-4ADAFF60D579}.Release|Any CPU.ActiveCfg = Release|Any CPU
		{8A034723-2DCE-413D-9944-4ADAFF60D579}.Release|Any CPU.Build.0 = Release|Any CPU
		{8A034723-2DCE-413D-9944-4ADAFF60D579}.Release|x64.ActiveCfg = Release|Any CPU
		{8A034723-2DCE-413D-9944-4ADAFF60D579}.Release|x64.Build.0 = Release|Any CPU
		{8A034723-2DCE-413D-9944-4ADAFF60D579}.Release|x86.ActiveCfg = Release|Any CPU
		{8A034723-2DCE-413D-9944-4ADAFF60D579}.Release|x86.Build.0 = Release|Any CPU
		{0EE07371-1AD0-4589-B650-A887F9BC2C12}.Debug|Any CPU.ActiveCfg = Debug|Any CPU
		{0EE07371-1AD0-4589-B650-A887F9BC2C12}.Debug|Any CPU.Build.0 = Debug|Any CPU
		{0EE07371-1AD0-4589-B650-A887F9BC2C12}.Debug|x64.ActiveCfg = Debug|Any CPU
		{0EE07371-1AD0-4589-B650-A887F9BC2C12}.Debug|x64.Build.0 = Debug|Any CPU
		{0EE07371-1AD0-4589-B650-A887F9BC2C12}.Debug|x86.ActiveCfg = Debug|Any CPU
		{0EE07371-1AD0-4589-B650-A887F9BC2C12}.Debug|x86.Build.0 = Debug|Any CPU
		{0EE07371-1AD0-4589-B650-A887F9BC2C12}.Release|Any CPU.ActiveCfg = Release|Any CPU
		{0EE07371-1AD0-4589-B650-A887F9BC2C12}.Release|Any CPU.Build.0 = Release|Any CPU
		{0EE07371-1AD0-4589-B650-A887F9BC2C12}.Release|x64.ActiveCfg = Release|Any CPU
		{0EE07371-1AD0-4589-B650-A887F9BC2C12}.Release|x64.Build.0 = Release|Any CPU
		{0EE07371-1AD0-4589-B650-A887F9BC2C12}.Release|x86.ActiveCfg = Release|Any CPU
		{0EE07371-1AD0-4589-B650-A887F9BC2C12}.Release|x86.Build.0 = Release|Any CPU
	EndGlobalSection
	GlobalSection(NestedProjects) = preSolution
		{E6648C39-D0F4-4CE2-B736-29440E68519C} = {C5A24397-2A08-473F-83E6-9C4C1F56CC8E}
		{8A034723-2DCE-413D-9944-4ADAFF60D579} = {40F05B75-37B3-441E-A5CD-667C4249BA0D}
	EndGlobalSection
EndGlobal
